
Microsoft Visual Studio Solution File, Format Version 12.00
# Visual Studio Version 17
VisualStudioVersion = 17.9.34723.18
MinimumVisualStudioVersion = 10.0.40219.1
Project("{FAE04EC0-301F-11D3-BF4B-00C04F79EFBC}") = "Blood donate App Backend", "Blood donate App Backend\Blood donate App Backend.csproj", "{8C3D7D31-AB2A-4703-AEBD-49624BD8564D}"
EndProject
Global
	GlobalSection(SolutionConfigurationPlatforms) = preSolution
		Debug|Any CPU = Debug|Any CPU
		Release|Any CPU = Release|Any CPU
	EndGlobalSection
	GlobalSection(ProjectConfigurationPlatforms) = postSolution
		{8C3D7D31-AB2A-4703-AEBD-49624BD8564D}.Debug|Any CPU.ActiveCfg = Debug|Any CPU
		{8C3D7D31-AB2A-4703-AEBD-49624BD8564D}.Debug|Any CPU.Build.0 = Debug|Any CPU
		{8C3D7D31-AB2A-4703-AEBD-49624BD8564D}.Release|Any CPU.ActiveCfg = Release|Any CPU
		{8C3D7D31-AB2A-4703-AEBD-49624BD8564D}.Release|Any CPU.Build.0 = Release|Any CPU
	EndGlobalSection
	GlobalSection(SolutionProperties) = preSolution
		HideSolutionNode = FALSE
	EndGlobalSection
	GlobalSection(ExtensibilityGlobals) = postSolution
		SolutionGuid = {8FC38673-AB3B-480F-8D21-291AA3FD50EC}
	EndGlobalSection
EndGlobal
